// !$*UTF8*$!
{
	archiveVersion = 1;
	classes = {
	};
	objectVersion = 56;
	objects = {

/* Begin PBXBuildFile section */
		663EB04D2B3C0FD100B2DE5C /* CameraService.swift in Sources */ = {isa = PBXBuildFile; fileRef = 663EB04C2B3C0FD100B2DE5C /* CameraService.swift */; };
		66F6CF9B2B2E4917005D3CC5 /* Weight_ItApp.swift in Sources */ = {isa = PBXBuildFile; fileRef = 66F6CF9A2B2E4917005D3CC5 /* Weight_ItApp.swift */; };
		66F6CF9D2B2E4917005D3CC5 /* ContentView.swift in Sources */ = {isa = PBXBuildFile; fileRef = 66F6CF9C2B2E4917005D3CC5 /* ContentView.swift */; };
		66F6CF9F2B2E4917005D3CC5 /* Item.swift in Sources */ = {isa = PBXBuildFile; fileRef = 66F6CF9E2B2E4917005D3CC5 /* Item.swift */; };
		66F6CFA12B2E4917005D3CC5 /* Assets.xcassets in Resources */ = {isa = PBXBuildFile; fileRef = 66F6CFA02B2E4917005D3CC5 /* Assets.xcassets */; };
		66F6CFA42B2E4917005D3CC5 /* Preview Assets.xcassets in Resources */ = {isa = PBXBuildFile; fileRef = 66F6CFA32B2E4917005D3CC5 /* Preview Assets.xcassets */; };
		66F6CFB52B2E65FC005D3CC5 /* HomeView.swift in Sources */ = {isa = PBXBuildFile; fileRef = 66F6CFB42B2E65FC005D3CC5 /* HomeView.swift */; };
		66F6CFB72B2E6608005D3CC5 /* InsightView.swift in Sources */ = {isa = PBXBuildFile; fileRef = 66F6CFB62B2E6608005D3CC5 /* InsightView.swift */; };
		66F6CFB92B2E661B005D3CC5 /* SettingsView.swift in Sources */ = {isa = PBXBuildFile; fileRef = 66F6CFB82B2E661B005D3CC5 /* SettingsView.swift */; };
/* End PBXBuildFile section */

/* Begin PBXFileReference section */
		663EB04C2B3C0FD100B2DE5C /* CameraService.swift */ = {isa = PBXFileReference; lastKnownFileType = sourcecode.swift; path = CameraService.swift; sourceTree = "<group>"; };
		66F6CF972B2E4917005D3CC5 /* Weight-It.app */ = {isa = PBXFileReference; explicitFileType = wrapper.application; includeInIndex = 0; path = "Weight-It.app"; sourceTree = BUILT_PRODUCTS_DIR; };
		66F6CF9A2B2E4917005D3CC5 /* Weight_ItApp.swift */ = {isa = PBXFileReference; lastKnownFileType = sourcecode.swift; path = Weight_ItApp.swift; sourceTree = "<group>"; };
		66F6CF9C2B2E4917005D3CC5 /* ContentView.swift */ = {isa = PBXFileReference; lastKnownFileType = sourcecode.swift; path = ContentView.swift; sourceTree = "<group>"; };
		66F6CF9E2B2E4917005D3CC5 /* Item.swift */ = {isa = PBXFileReference; lastKnownFileType = sourcecode.swift; path = Item.swift; sourceTree = "<group>"; };
		66F6CFA02B2E4917005D3CC5 /* Assets.xcassets */ = {isa = PBXFileReference; lastKnownFileType = folder.assetcatalog; path = Assets.xcassets; sourceTree = "<group>"; };
		66F6CFA32B2E4917005D3CC5 /* Preview Assets.xcassets */ = {isa = PBXFileReference; lastKnownFileType = folder.assetcatalog; path = "Preview Assets.xcassets"; sourceTree = "<group>"; };
		66F6CFB42B2E65FC005D3CC5 /* HomeView.swift */ = {isa = PBXFileReference; lastKnownFileType = sourcecode.swift; path = HomeView.swift; sourceTree = "<group>"; };
		66F6CFB62B2E6608005D3CC5 /* InsightView.swift */ = {isa = PBXFileReference; lastKnownFileType = sourcecode.swift; path = InsightView.swift; sourceTree = "<group>"; };
		66F6CFB82B2E661B005D3CC5 /* SettingsView.swift */ = {isa = PBXFileReference; lastKnownFileType = sourcecode.swift; path = SettingsView.swift; sourceTree = "<group>"; };
/* End PBXFileReference section */

/* Begin PBXFrameworksBuildPhase section */
		66F6CF942B2E4917005D3CC5 /* Frameworks */ = {
			isa = PBXFrameworksBuildPhase;
			buildActionMask = 2147483647;
			files = (
			);
			runOnlyForDeploymentPostprocessing = 0;
		};
/* End PBXFrameworksBuildPhase section */

/* Begin PBXGroup section */
		66F6CF8E2B2E4917005D3CC5 = {
			isa = PBXGroup;
			children = (
				66F6CF992B2E4917005D3CC5 /* Weight-It */,
				66F6CF982B2E4917005D3CC5 /* Products */,
			);
			sourceTree = "<group>";
		};
		66F6CF982B2E4917005D3CC5 /* Products */ = {
			isa = PBXGroup;
			children = (
				66F6CF972B2E4917005D3CC5 /* Weight-It.app */,
			);
			name = Products;
			sourceTree = "<group>";
		};
		66F6CF992B2E4917005D3CC5 /* Weight-It */ = {
			isa = PBXGroup;
			children = (
				66F6CF9A2B2E4917005D3CC5 /* Weight_ItApp.swift */,
				66F6CF9C2B2E4917005D3CC5 /* ContentView.swift */,
				66F6CFB42B2E65FC005D3CC5 /* HomeView.swift */,
				66F6CFB62B2E6608005D3CC5 /* InsightView.swift */,
				66F6CFB82B2E661B005D3CC5 /* SettingsView.swift */,
				66F6CF9E2B2E4917005D3CC5 /* Item.swift */,
				663EB04C2B3C0FD100B2DE5C /* CameraService.swift */,
				66F6CFA02B2E4917005D3CC5 /* Assets.xcassets */,
				66F6CFA22B2E4917005D3CC5 /* Preview Content */,
			);
			path = "Weight-It";
			sourceTree = "<group>";
		};
		66F6CFA22B2E4917005D3CC5 /* Preview Content */ = {
			isa = PBXGroup;
			children = (
				66F6CFA32B2E4917005D3CC5 /* Preview Assets.xcassets */,
			);
			path = "Preview Content";
			sourceTree = "<group>";
		};
/* End PBXGroup section */

/* Begin PBXNativeTarget section */
		66F6CF962B2E4917005D3CC5 /* Weight-It */ = {
			isa = PBXNativeTarget;
			buildConfigurationList = 66F6CFA72B2E4917005D3CC5 /* Build configuration list for PBXNativeTarget "Weight-It" */;
			buildPhases = (
				66F6CF932B2E4917005D3CC5 /* Sources */,
				66F6CF942B2E4917005D3CC5 /* Frameworks */,
				66F6CF952B2E4917005D3CC5 /* Resources */,
			);
			buildRules = (
			);
			dependencies = (
			);
			name = "Weight-It";
			productName = "Weight-It";
			productReference = 66F6CF972B2E4917005D3CC5 /* Weight-It.app */;
			productType = "com.apple.product-type.application";
		};
/* End PBXNativeTarget section */

/* Begin PBXProject section */
		66F6CF8F2B2E4917005D3CC5 /* Project object */ = {
			isa = PBXProject;
			attributes = {
				BuildIndependentTargetsInParallel = 1;
				LastSwiftUpdateCheck = 1510;
				LastUpgradeCheck = 1510;
				TargetAttributes = {
					66F6CF962B2E4917005D3CC5 = {
						CreatedOnToolsVersion = 15.1;
					};
				};
			};
			buildConfigurationList = 66F6CF922B2E4917005D3CC5 /* Build configuration list for PBXProject "Weight-It" */;
			compatibilityVersion = "Xcode 14.0";
			developmentRegion = en;
			hasScannedForEncodings = 0;
			knownRegions = (
				en,
				Base,
			);
			mainGroup = 66F6CF8E2B2E4917005D3CC5;
			productRefGroup = 66F6CF982B2E4917005D3CC5 /* Products */;
			projectDirPath = "";
			projectRoot = "";
			targets = (
				66F6CF962B2E4917005D3CC5 /* Weight-It */,
			);
		};
/* End PBXProject section */

/* Begin PBXResourcesBuildPhase section */
		66F6CF952B2E4917005D3CC5 /* Resources */ = {
			isa = PBXResourcesBuildPhase;
			buildActionMask = 2147483647;
			files = (
				66F6CFA42B2E4917005D3CC5 /* Preview Assets.xcassets in Resources */,
				66F6CFA12B2E4917005D3CC5 /* Assets.xcassets in Resources */,
			);
			runOnlyForDeploymentPostprocessing = 0;
		};
/* End PBXResourcesBuildPhase section */

/* Begin PBXSourcesBuildPhase section */
		66F6CF932B2E4917005D3CC5 /* Sources */ = {
			isa = PBXSourcesBuildPhase;
			buildActionMask = 2147483647;
			files = (
				66F6CF9D2B2E4917005D3CC5 /* ContentView.swift in Sources */,
				66F6CFB72B2E6608005D3CC5 /* InsightView.swift in Sources */,
				66F6CFB52B2E65FC005D3CC5 /* HomeView.swift in Sources */,
				66F6CFB92B2E661B005D3CC5 /* SettingsView.swift in Sources */,
				66F6CF9F2B2E4917005D3CC5 /* Item.swift in Sources */,
				66F6CF9B2B2E4917005D3CC5 /* Weight_ItApp.swift in Sources */,
				663EB04D2B3C0FD100B2DE5C /* CameraService.swift in Sources */,
			);
			runOnlyForDeploymentPostprocessing = 0;
		};
/* End PBXSourcesBuildPhase section */

/* Begin XCBuildConfiguration section */
		66F6CFA52B2E4917005D3CC5 /* Debug */ = {
			isa = XCBuildConfiguration;
			buildSettings = {
				ALWAYS_SEARCH_USER_PATHS = NO;
				ASSETCATALOG_COMPILER_GENERATE_SWIFT_ASSET_SYMBOL_EXTENSIONS = YES;
				CLANG_ANALYZER_NONNULL = YES;
				CLANG_ANALYZER_NUMBER_OBJECT_CONVERSION = YES_AGGRESSIVE;
				CLANG_CXX_LANGUAGE_STANDARD = "gnu++20";
				CLANG_ENABLE_MODULES = YES;
				CLANG_ENABLE_OBJC_ARC = YES;
				CLANG_ENABLE_OBJC_WEAK = YES;
				CLANG_WARN_BLOCK_CAPTURE_AUTORELEASING = YES;
				CLANG_WARN_BOOL_CONVERSION = YES;
				CLANG_WARN_COMMA = YES;
				CLANG_WARN_CONSTANT_CONVERSION = YES;
				CLANG_WARN_DEPRECATED_OBJC_IMPLEMENTATIONS = YES;
				CLANG_WARN_DIRECT_OBJC_ISA_USAGE = YES_ERROR;
				CLANG_WARN_DOCUMENTATION_COMMENTS = YES;
				CLANG_WARN_EMPTY_BODY = YES;
				CLANG_WARN_ENUM_CONVERSION = YES;
				CLANG_WARN_INFINITE_RECURSION = YES;
				CLANG_WARN_INT_CONVERSION = YES;
				CLANG_WARN_NON_LITERAL_NULL_CONVERSION = YES;
				CLANG_WARN_OBJC_IMPLICIT_RETAIN_SELF = YES;
				CLANG_WARN_OBJC_LITERAL_CONVERSION = YES;
				CLANG_WARN_OBJC_ROOT_CLASS = YES_ERROR;
				CLANG_WARN_QUOTED_INCLUDE_IN_FRAMEWORK_HEADER = YES;
				CLANG_WARN_RANGE_LOOP_ANALYSIS = YES;
				CLANG_WARN_STRICT_PROTOTYPES = YES;
				CLANG_WARN_SUSPICIOUS_MOVE = YES;
				CLANG_WARN_UNGUARDED_AVAILABILITY = YES_AGGRESSIVE;
				CLANG_WARN_UNREACHABLE_CODE = YES;
				CLANG_WARN__DUPLICATE_METHOD_MATCH = YES;
				COPY_PHASE_STRIP = NO;
				DEBUG_INFORMATION_FORMAT = dwarf;
				ENABLE_STRICT_OBJC_MSGSEND = YES;
				ENABLE_TESTABILITY = YES;
				ENABLE_USER_SCRIPT_SANDBOXING = YES;
				GCC_C_LANGUAGE_STANDARD = gnu17;
				GCC_DYNAMIC_NO_PIC = NO;
				GCC_NO_COMMON_BLOCKS = YES;
				GCC_OPTIMIZATION_LEVEL = 0;
				GCC_PREPROCESSOR_DEFINITIONS = (
					"DEBUG=1",
					"$(inherited)",
				);
				GCC_WARN_64_TO_32_BIT_CONVERSION = YES;
				GCC_WARN_ABOUT_RETURN_TYPE = YES_ERROR;
				GCC_WARN_UNDECLARED_SELECTOR = YES;
				GCC_WARN_UNINITIALIZED_AUTOS = YES_AGGRESSIVE;
				GCC_WARN_UNUSED_FUNCTION = YES;
				GCC_WARN_UNUSED_VARIABLE = YES;
				IPHONEOS_DEPLOYMENT_TARGET = 17.2;
				LOCALIZATION_PREFERS_STRING_CATALOGS = YES;
				MTL_ENABLE_DEBUG_INFO = INCLUDE_SOURCE;
				MTL_FAST_MATH = YES;
				ONLY_ACTIVE_ARCH = YES;
				SDKROOT = iphoneos;
				SWIFT_ACTIVE_COMPILATION_CONDITIONS = "DEBUG $(inherited)";
				SWIFT_OPTIMIZATION_LEVEL = "-Onone";
			};
			name = Debug;
		};
		66F6CFA62B2E4917005D3CC5 /* Release */ = {
			isa = XCBuildConfiguration;
			buildSettings = {
				ALWAYS_SEARCH_USER_PATHS = NO;
				ASSETCATALOG_COMPILER_GENERATE_SWIFT_ASSET_SYMBOL_EXTENSIONS = YES;
				CLANG_ANALYZER_NONNULL = YES;
				CLANG_ANALYZER_NUMBER_OBJECT_CONVERSION = YES_AGGRESSIVE;
				CLANG_CXX_LANGUAGE_STANDARD = "gnu++20";
				CLANG_ENABLE_MODULES = YES;
				CLANG_ENABLE_OBJC_ARC = YES;
				CLANG_ENABLE_OBJC_WEAK = YES;
				CLANG_WARN_BLOCK_CAPTURE_AUTORELEASING = YES;
				CLANG_WARN_BOOL_CONVERSION = YES;
				CLANG_WARN_COMMA = YES;
				CLANG_WARN_CONSTANT_CONVERSION = YES;
				CLANG_WARN_DEPRECATED_OBJC_IMPLEMENTATIONS = YES;
				CLANG_WARN_DIRECT_OBJC_ISA_USAGE = YES_ERROR;
				CLANG_WARN_DOCUMENTATION_COMMENTS = YES;
				CLANG_WARN_EMPTY_BODY = YES;
				CLANG_WARN_ENUM_CONVERSION = YES;
				CLANG_WARN_INFINITE_RECURSION = YES;
				CLANG_WARN_INT_CONVERSION = YES;
				CLANG_WARN_NON_LITERAL_NULL_CONVERSION = YES;
				CLANG_WARN_OBJC_IMPLICIT_RETAIN_SELF = YES;
				CLANG_WARN_OBJC_LITERAL_CONVERSION = YES;
				CLANG_WARN_OBJC_ROOT_CLASS = YES_ERROR;
				CLANG_WARN_QUOTED_INCLUDE_IN_FRAMEWORK_HEADER = YES;
				CLANG_WARN_RANGE_LOOP_ANALYSIS = YES;
				CLANG_WARN_STRICT_PROTOTYPES = YES;
				CLANG_WARN_SUSPICIOUS_MOVE = YES;
				CLANG_WARN_UNGUARDED_AVAILABILITY = YES_AGGRESSIVE;
				CLANG_WARN_UNREACHABLE_CODE = YES;
				CLANG_WARN__DUPLICATE_METHOD_MATCH = YES;
				COPY_PHASE_STRIP = NO;
				DEBUG_INFORMATION_FORMAT = "dwarf-with-dsym";
				ENABLE_NS_ASSERTIONS = NO;
				ENABLE_STRICT_OBJC_MSGSEND = YES;
				ENABLE_USER_SCRIPT_SANDBOXING = YES;
				GCC_C_LANGUAGE_STANDARD = gnu17;
				GCC_NO_COMMON_BLOCKS = YES;
				GCC_WARN_64_TO_32_BIT_CONVERSION = YES;
				GCC_WARN_ABOUT_RETURN_TYPE = YES_ERROR;
				GCC_WARN_UNDECLARED_SELECTOR = YES;
				GCC_WARN_UNINITIALIZED_AUTOS = YES_AGGRESSIVE;
				GCC_WARN_UNUSED_FUNCTION = YES;
				GCC_WARN_UNUSED_VARIABLE = YES;
				IPHONEOS_DEPLOYMENT_TARGET = 17.2;
				LOCALIZATION_PREFERS_STRING_CATALOGS = YES;
				MTL_ENABLE_DEBUG_INFO = NO;
				MTL_FAST_MATH = YES;
				SDKROOT = iphoneos;
				SWIFT_COMPILATION_MODE = wholemodule;
				VALIDATE_PRODUCT = YES;
			};
			name = Release;
		};
		66F6CFA82B2E4917005D3CC5 /* Debug */ = {
			isa = XCBuildConfiguration;
			buildSettings = {
				ASSETCATALOG_COMPILER_APPICON_NAME = AppIcon;
				ASSETCATALOG_COMPILER_GLOBAL_ACCENT_COLOR_NAME = AccentColor;
				CODE_SIGN_STYLE = Automatic;
				CURRENT_PROJECT_VERSION = 1;
				DEVELOPMENT_ASSET_PATHS = "\"Weight-It/Preview Content\"";
				ENABLE_PREVIEWS = YES;
				GENERATE_INFOPLIST_FILE = YES;
				INFOPLIST_KEY_NSCameraUsageDescription = "Take Photos";
				INFOPLIST_KEY_UIApplicationSceneManifest_Generation = YES;
				INFOPLIST_KEY_UIApplicationSupportsIndirectInputEvents = YES;
				INFOPLIST_KEY_UILaunchScreen_Generation = YES;
				INFOPLIST_KEY_UISupportedInterfaceOrientations_iPad = "UIInterfaceOrientationPortrait UIInterfaceOrientationPortraitUpsideDown UIInterfaceOrientationLandscapeLeft UIInterfaceOrientationLandscapeRight";
				INFOPLIST_KEY_UISupportedInterfaceOrientations_iPhone = "UIInterfaceOrientationPortrait UIInterfaceOrientationLandscapeLeft UIInterfaceOrientationLandscapeRight";
				LD_RUNPATH_SEARCH_PATHS = (
					"$(inherited)",
					"@executable_path/Frameworks",
				);
				MARKETING_VERSION = 1.0;
				PRODUCT_BUNDLE_IDENTIFIER = "com.weightit.Weight-It";
				PRODUCT_NAME = "$(TARGET_NAME)";
				SWIFT_EMIT_LOC_STRINGS = YES;
				SWIFT_VERSION = 5.0;
				TARGETED_DEVICE_FAMILY = "1,2";
			};
			name = Debug;
		};
		66F6CFA92B2E4917005D3CC5 /* Release */ = {
			isa = XCBuildConfiguration;
			buildSettings = {
				ASSETCATALOG_COMPILER_APPICON_NAME = AppIcon;
				ASSETCATALOG_COMPILER_GLOBAL_ACCENT_COLOR_NAME = AccentColor;
				CODE_SIGN_STYLE = Automatic;
				CURRENT_PROJECT_VERSION = 1;
				DEVELOPMENT_ASSET_PATHS = "\"Weight-It/Preview Content\"";
				ENABLE_PREVIEWS = YES;
				GENERATE_INFOPLIST_FILE = YES;
				INFOPLIST_KEY_NSCameraUsageDescription = "Take Photos";
				INFOPLIST_KEY_UIApplicationSceneManifest_Generation = YES;
				INFOPLIST_KEY_UIApplicationSupportsIndirectInputEvents = YES;
				INFOPLIST_KEY_UILaunchScreen_Generation = YES;
				INFOPLIST_KEY_UISupportedInterfaceOrientations_iPad = "UIInterfaceOrientationPortrait UIInterfaceOrientationPortraitUpsideDown UIInterfaceOrientationLandscapeLeft UIInterfaceOrientationLandscapeRight";
				INFOPLIST_KEY_UISupportedInterfaceOrientations_iPhone = "UIInterfaceOrientationPortrait UIInterfaceOrientationLandscapeLeft UIInterfaceOrientationLandscapeRight";
				LD_RUNPATH_SEARCH_PATHS = (
					"$(inherited)",
					"@executable_path/Frameworks",
				);
				MARKETING_VERSION = 1.0;
				PRODUCT_BUNDLE_IDENTIFIER = "com.weightit.Weight-It";
				PRODUCT_NAME = "$(TARGET_NAME)";
				SWIFT_EMIT_LOC_STRINGS = YES;
				SWIFT_VERSION = 5.0;
				TARGETED_DEVICE_FAMILY = "1,2";
			};
			name = Release;
		};
/* End XCBuildConfiguration section */

/* Begin XCConfigurationList section */
		66F6CF922B2E4917005D3CC5 /* Build configuration list for PBXProject "Weight-It" */ = {
			isa = XCConfigurationList;
			buildConfigurations = (
				66F6CFA52B2E4917005D3CC5 /* Debug */,
				66F6CFA62B2E4917005D3CC5 /* Release */,
			);
			defaultConfigurationIsVisible = 0;
			defaultConfigurationName = Release;
		};
		66F6CFA72B2E4917005D3CC5 /* Build configuration list for PBXNativeTarget "Weight-It" */ = {
			isa = XCConfigurationList;
			buildConfigurations = (
				66F6CFA82B2E4917005D3CC5 /* Debug */,
				66F6CFA92B2E4917005D3CC5 /* Release */,
			);
			defaultConfigurationIsVisible = 0;
			defaultConfigurationName = Release;
		};
/* End XCConfigurationList section */
	};
	rootObject = 66F6CF8F2B2E4917005D3CC5 /* Project object */;
}
